
Microsoft Visual Studio Solution File, Format Version 12.00
# Visual Studio Version 16
VisualStudioVersion = 16.0.29403.142
MinimumVisualStudioVersion = 15.0.26124.0
Project("{2150E333-8FDC-42A3-9474-1A3956D46DE8}") = "Sources", "Sources", "{663CE500-61DB-4162-BF6B-F2BF62747C07}"
EndProject
Project("{2150E333-8FDC-42A3-9474-1A3956D46DE8}") = "Adapters", "Adapters", "{1948DE99-6348-4A4A-BF78-2CED1C2EB81A}"
EndProject
Project("{9A19103F-16F7-4668-BE54-9A1E7A4F7556}") = "Scaffold.HttpClients", "Sources\Adapters\Scaffold.HttpClients\Scaffold.HttpClients.csproj", "{3862C669-F499-4C2F-8362-B34ADEFD1420}"
EndProject
Project("{9A19103F-16F7-4668-BE54-9A1E7A4F7556}") = "Scaffold.Repositories.EntityFrameworkCore", "Sources\Adapters\Scaffold.Repositories.EntityFrameworkCore\Scaffold.Repositories.EntityFrameworkCore.csproj", "{0242E51C-7D2C-4115-AA15-482B60A87462}"
EndProject
Project("{9A19103F-16F7-4668-BE54-9A1E7A4F7556}") = "Scaffold.Application", "Sources\Scaffold.Application\Scaffold.Application.csproj", "{FBC2420B-D720-4EB0-919E-CDF8FD113402}"
EndProject
Project("{9A19103F-16F7-4668-BE54-9A1E7A4F7556}") = "Scaffold.Domain", "Sources\Scaffold.Domain\Scaffold.Domain.csproj", "{37155653-A39A-41C9-A25B-CE9BE1E4F6CC}"
EndProject
Project("{9A19103F-16F7-4668-BE54-9A1E7A4F7556}") = "Scaffold.WebApi", "Sources\Scaffold.WebApi\Scaffold.WebApi.csproj", "{F6047A24-6320-486B-9197-164790C37ED2}"
EndProject
Project("{2150E333-8FDC-42A3-9474-1A3956D46DE8}") = "Tests", "Tests", "{9F400FEE-FC9B-4599-A2E2-C9FAAA487C34}"
EndProject
Project("{2150E333-8FDC-42A3-9474-1A3956D46DE8}") = "Adapters", "Adapters", "{0B3709FD-4ABD-4FA8-AF48-BFFC7115DD18}"
EndProject
Project("{9A19103F-16F7-4668-BE54-9A1E7A4F7556}") = "Scaffold.HttpClients.UnitTests", "Tests\Adapters\Scaffold.HttpClients.UnitTests\Scaffold.HttpClients.UnitTests.csproj", "{A5D88DA8-0FBC-4E88-911C-4F5E75A9197C}"
EndProject
Project("{9A19103F-16F7-4668-BE54-9A1E7A4F7556}") = "Scaffold.Repositories.EntityFrameworkCore.UnitTests", "Tests\Adapters\Scaffold.Repositories.EntityFrameworkCore.UnitTests\Scaffold.Repositories.EntityFrameworkCore.UnitTests.csproj", "{51928588-D830-4AAE-85CC-A560006AE75B}"
EndProject
Project("{9A19103F-16F7-4668-BE54-9A1E7A4F7556}") = "Scaffold.Application.UnitTests", "Tests\Scaffold.Application.UnitTests\Scaffold.Application.UnitTests.csproj", "{6FFD29F1-FD3E-46FC-9D61-9B528FC95AA5}"
EndProject
Project("{9A19103F-16F7-4668-BE54-9A1E7A4F7556}") = "Scaffold.Domain.UnitTests", "Tests\Scaffold.Domain.UnitTests\Scaffold.Domain.UnitTests.csproj", "{806619A6-F068-40A6-97C5-FDE19EC06AB2}"
EndProject
Project("{9A19103F-16F7-4668-BE54-9A1E7A4F7556}") = "Scaffold.WebApi.UnitTests", "Tests\Scaffold.WebApi.UnitTests\Scaffold.WebApi.UnitTests.csproj", "{B6D5E86C-D6E6-498B-8A2E-A0BDD51D0187}"
EndProject
Global
	GlobalSection(SolutionConfigurationPlatforms) = preSolution
		Debug|Any CPU = Debug|Any CPU
		Debug|x64 = Debug|x64
		Debug|x86 = Debug|x86
		Release|Any CPU = Release|Any CPU
		Release|x64 = Release|x64
		Release|x86 = Release|x86
	EndGlobalSection
	GlobalSection(ProjectConfigurationPlatforms) = postSolution
		{3862C669-F499-4C2F-8362-B34ADEFD1420}.Debug|Any CPU.ActiveCfg = Debug|Any CPU
		{3862C669-F499-4C2F-8362-B34ADEFD1420}.Debug|Any CPU.Build.0 = Debug|Any CPU
		{3862C669-F499-4C2F-8362-B34ADEFD1420}.Debug|x64.ActiveCfg = Debug|Any CPU
		{3862C669-F499-4C2F-8362-B34ADEFD1420}.Debug|x64.Build.0 = Debug|Any CPU
		{3862C669-F499-4C2F-8362-B34ADEFD1420}.Debug|x86.ActiveCfg = Debug|Any CPU
		{3862C669-F499-4C2F-8362-B34ADEFD1420}.Debug|x86.Build.0 = Debug|Any CPU
		{3862C669-F499-4C2F-8362-B34ADEFD1420}.Release|Any CPU.ActiveCfg = Release|Any CPU
		{3862C669-F499-4C2F-8362-B34ADEFD1420}.Release|Any CPU.Build.0 = Release|Any CPU
		{3862C669-F499-4C2F-8362-B34ADEFD1420}.Release|x64.ActiveCfg = Release|Any CPU
		{3862C669-F499-4C2F-8362-B34ADEFD1420}.Release|x64.Build.0 = Release|Any CPU
		{3862C669-F499-4C2F-8362-B34ADEFD1420}.Release|x86.ActiveCfg = Release|Any CPU
		{3862C669-F499-4C2F-8362-B34ADEFD1420}.Release|x86.Build.0 = Release|Any CPU
		{0242E51C-7D2C-4115-AA15-482B60A87462}.Debug|Any CPU.ActiveCfg = Debug|Any CPU
		{0242E51C-7D2C-4115-AA15-482B60A87462}.Debug|Any CPU.Build.0 = Debug|Any CPU
		{0242E51C-7D2C-4115-AA15-482B60A87462}.Debug|x64.ActiveCfg = Debug|Any CPU
		{0242E51C-7D2C-4115-AA15-482B60A87462}.Debug|x64.Build.0 = Debug|Any CPU
		{0242E51C-7D2C-4115-AA15-482B60A87462}.Debug|x86.ActiveCfg = Debug|Any CPU
		{0242E51C-7D2C-4115-AA15-482B60A87462}.Debug|x86.Build.0 = Debug|Any CPU
		{0242E51C-7D2C-4115-AA15-482B60A87462}.Release|Any CPU.ActiveCfg = Release|Any CPU
		{0242E51C-7D2C-4115-AA15-482B60A87462}.Release|Any CPU.Build.0 = Release|Any CPU
		{0242E51C-7D2C-4115-AA15-482B60A87462}.Release|x64.ActiveCfg = Release|Any CPU
		{0242E51C-7D2C-4115-AA15-482B60A87462}.Release|x64.Build.0 = Release|Any CPU
		{0242E51C-7D2C-4115-AA15-482B60A87462}.Release|x86.ActiveCfg = Release|Any CPU
		{0242E51C-7D2C-4115-AA15-482B60A87462}.Release|x86.Build.0 = Release|Any CPU
		{FBC2420B-D720-4EB0-919E-CDF8FD113402}.Debug|Any CPU.ActiveCfg = Debug|Any CPU
		{FBC2420B-D720-4EB0-919E-CDF8FD113402}.Debug|Any CPU.Build.0 = Debug|Any CPU
		{FBC2420B-D720-4EB0-919E-CDF8FD113402}.Debug|x64.ActiveCfg = Debug|Any CPU
		{FBC2420B-D720-4EB0-919E-CDF8FD113402}.Debug|x64.Build.0 = Debug|Any CPU
		{FBC2420B-D720-4EB0-919E-CDF8FD113402}.Debug|x86.ActiveCfg = Debug|Any CPU
		{FBC2420B-D720-4EB0-919E-CDF8FD113402}.Debug|x86.Build.0 = Debug|Any CPU
		{FBC2420B-D720-4EB0-919E-CDF8FD113402}.Release|Any CPU.ActiveCfg = Release|Any CPU
		{FBC2420B-D720-4EB0-919E-CDF8FD113402}.Release|Any CPU.Build.0 = Release|Any CPU
		{FBC2420B-D720-4EB0-919E-CDF8FD113402}.Release|x64.ActiveCfg = Release|Any CPU
		{FBC2420B-D720-4EB0-919E-CDF8FD113402}.Release|x64.Build.0 = Release|Any CPU
		{FBC2420B-D720-4EB0-919E-CDF8FD113402}.Release|x86.ActiveCfg = Release|Any CPU
		{FBC2420B-D720-4EB0-919E-CDF8FD113402}.Release|x86.Build.0 = Release|Any CPU
		{37155653-A39A-41C9-A25B-CE9BE1E4F6CC}.Debug|Any CPU.ActiveCfg = Debug|Any CPU
		{37155653-A39A-41C9-A25B-CE9BE1E4F6CC}.Debug|Any CPU.Build.0 = Debug|Any CPU
		{37155653-A39A-41C9-A25B-CE9BE1E4F6CC}.Debug|x64.ActiveCfg = Debug|Any CPU
		{37155653-A39A-41C9-A25B-CE9BE1E4F6CC}.Debug|x64.Build.0 = Debug|Any CPU
		{37155653-A39A-41C9-A25B-CE9BE1E4F6CC}.Debug|x86.ActiveCfg = Debug|Any CPU
		{37155653-A39A-41C9-A25B-CE9BE1E4F6CC}.Debug|x86.Build.0 = Debug|Any CPU
		{37155653-A39A-41C9-A25B-CE9BE1E4F6CC}.Release|Any CPU.ActiveCfg = Release|Any CPU
		{37155653-A39A-41C9-A25B-CE9BE1E4F6CC}.Release|Any CPU.Build.0 = Release|Any CPU
		{37155653-A39A-41C9-A25B-CE9BE1E4F6CC}.Release|x64.ActiveCfg = Release|Any CPU
		{37155653-A39A-41C9-A25B-CE9BE1E4F6CC}.Release|x64.Build.0 = Release|Any CPU
		{37155653-A39A-41C9-A25B-CE9BE1E4F6CC}.Release|x86.ActiveCfg = Release|Any CPU
		{37155653-A39A-41C9-A25B-CE9BE1E4F6CC}.Release|x86.Build.0 = Release|Any CPU
		{F6047A24-6320-486B-9197-164790C37ED2}.Debug|Any CPU.ActiveCfg = Debug|Any CPU
		{F6047A24-6320-486B-9197-164790C37ED2}.Debug|Any CPU.Build.0 = Debug|Any CPU
		{F6047A24-6320-486B-9197-164790C37ED2}.Debug|x64.ActiveCfg = Debug|Any CPU
		{F6047A24-6320-486B-9197-164790C37ED2}.Debug|x64.Build.0 = Debug|Any CPU
		{F6047A24-6320-486B-9197-164790C37ED2}.Debug|x86.ActiveCfg = Debug|Any CPU
		{F6047A24-6320-486B-9197-164790C37ED2}.Debug|x86.Build.0 = Debug|Any CPU
		{F6047A24-6320-486B-9197-164790C37ED2}.Release|Any CPU.ActiveCfg = Release|Any CPU
		{F6047A24-6320-486B-9197-164790C37ED2}.Release|Any CPU.Build.0 = Release|Any CPU
		{F6047A24-6320-486B-9197-164790C37ED2}.Release|x64.ActiveCfg = Release|Any CPU
		{F6047A24-6320-486B-9197-164790C37ED2}.Release|x64.Build.0 = Release|Any CPU
		{F6047A24-6320-486B-9197-164790C37ED2}.Release|x86.ActiveCfg = Release|Any CPU
		{F6047A24-6320-486B-9197-164790C37ED2}.Release|x86.Build.0 = Release|Any CPU
		{A5D88DA8-0FBC-4E88-911C-4F5E75A9197C}.Debug|Any CPU.ActiveCfg = Debug|Any CPU
		{A5D88DA8-0FBC-4E88-911C-4F5E75A9197C}.Debug|Any CPU.Build.0 = Debug|Any CPU
		{A5D88DA8-0FBC-4E88-911C-4F5E75A9197C}.Debug|x64.ActiveCfg = Debug|Any CPU
		{A5D88DA8-0FBC-4E88-911C-4F5E75A9197C}.Debug|x64.Build.0 = Debug|Any CPU
		{A5D88DA8-0FBC-4E88-911C-4F5E75A9197C}.Debug|x86.ActiveCfg = Debug|Any CPU
		{A5D88DA8-0FBC-4E88-911C-4F5E75A9197C}.Debug|x86.Build.0 = Debug|Any CPU
		{A5D88DA8-0FBC-4E88-911C-4F5E75A9197C}.Release|Any CPU.ActiveCfg = Release|Any CPU
		{A5D88DA8-0FBC-4E88-911C-4F5E75A9197C}.Release|Any CPU.Build.0 = Release|Any CPU
		{A5D88DA8-0FBC-4E88-911C-4F5E75A9197C}.Release|x64.ActiveCfg = Release|Any CPU
		{A5D88DA8-0FBC-4E88-911C-4F5E75A9197C}.Release|x64.Build.0 = Release|Any CPU
		{A5D88DA8-0FBC-4E88-911C-4F5E75A9197C}.Release|x86.ActiveCfg = Release|Any CPU
		{A5D88DA8-0FBC-4E88-911C-4F5E75A9197C}.Release|x86.Build.0 = Release|Any CPU
		{51928588-D830-4AAE-85CC-A560006AE75B}.Debug|Any CPU.ActiveCfg = Debug|Any CPU
		{51928588-D830-4AAE-85CC-A560006AE75B}.Debug|Any CPU.Build.0 = Debug|Any CPU
		{51928588-D830-4AAE-85CC-A560006AE75B}.Debug|x64.ActiveCfg = Debug|Any CPU
		{51928588-D830-4AAE-85CC-A560006AE75B}.Debug|x64.Build.0 = Debug|Any CPU
		{51928588-D830-4AAE-85CC-A560006AE75B}.Debug|x86.ActiveCfg = Debug|Any CPU
		{51928588-D830-4AAE-85CC-A560006AE75B}.Debug|x86.Build.0 = Debug|Any CPU
		{51928588-D830-4AAE-85CC-A560006AE75B}.Release|Any CPU.ActiveCfg = Release|Any CPU
		{51928588-D830-4AAE-85CC-A560006AE75B}.Release|Any CPU.Build.0 = Release|Any CPU
		{51928588-D830-4AAE-85CC-A560006AE75B}.Release|x64.ActiveCfg = Release|Any CPU
		{51928588-D830-4AAE-85CC-A560006AE75B}.Release|x64.Build.0 = Release|Any CPU
		{51928588-D830-4AAE-85CC-A560006AE75B}.Release|x86.ActiveCfg = Release|Any CPU
		{51928588-D830-4AAE-85CC-A560006AE75B}.Release|x86.Build.0 = Release|Any CPU
		{6FFD29F1-FD3E-46FC-9D61-9B528FC95AA5}.Debug|Any CPU.ActiveCfg = Debug|Any CPU
		{6FFD29F1-FD3E-46FC-9D61-9B528FC95AA5}.Debug|Any CPU.Build.0 = Debug|Any CPU
		{6FFD29F1-FD3E-46FC-9D61-9B528FC95AA5}.Debug|x64.ActiveCfg = Debug|Any CPU
		{6FFD29F1-FD3E-46FC-9D61-9B528FC95AA5}.Debug|x64.Build.0 = Debug|Any CPU
		{6FFD29F1-FD3E-46FC-9D61-9B528FC95AA5}.Debug|x86.ActiveCfg = Debug|Any CPU
		{6FFD29F1-FD3E-46FC-9D61-9B528FC95AA5}.Debug|x86.Build.0 = Debug|Any CPU
		{6FFD29F1-FD3E-46FC-9D61-9B528FC95AA5}.Release|Any CPU.ActiveCfg = Release|Any CPU
		{6FFD29F1-FD3E-46FC-9D61-9B528FC95AA5}.Release|Any CPU.Build.0 = Release|Any CPU
		{6FFD29F1-FD3E-46FC-9D61-9B528FC95AA5}.Release|x64.ActiveCfg = Release|Any CPU
		{6FFD29F1-FD3E-46FC-9D61-9B528FC95AA5}.Release|x64.Build.0 = Release|Any CPU
		{6FFD29F1-FD3E-46FC-9D61-9B528FC95AA5}.Release|x86.ActiveCfg = Release|Any CPU
		{6FFD29F1-FD3E-46FC-9D61-9B528FC95AA5}.Release|x86.Build.0 = Release|Any CPU
		{806619A6-F068-40A6-97C5-FDE19EC06AB2}.Debug|Any CPU.ActiveCfg = Debug|Any CPU
		{806619A6-F068-40A6-97C5-FDE19EC06AB2}.Debug|Any CPU.Build.0 = Debug|Any CPU
		{806619A6-F068-40A6-97C5-FDE19EC06AB2}.Debug|x64.ActiveCfg = Debug|Any CPU
		{806619A6-F068-40A6-97C5-FDE19EC06AB2}.Debug|x64.Build.0 = Debug|Any CPU
		{806619A6-F068-40A6-97C5-FDE19EC06AB2}.Debug|x86.ActiveCfg = Debug|Any CPU
		{806619A6-F068-40A6-97C5-FDE19EC06AB2}.Debug|x86.Build.0 = Debug|Any CPU
		{806619A6-F068-40A6-97C5-FDE19EC06AB2}.Release|Any CPU.ActiveCfg = Release|Any CPU
		{806619A6-F068-40A6-97C5-FDE19EC06AB2}.Release|Any CPU.Build.0 = Release|Any CPU
		{806619A6-F068-40A6-97C5-FDE19EC06AB2}.Release|x64.ActiveCfg = Release|Any CPU
		{806619A6-F068-40A6-97C5-FDE19EC06AB2}.Release|x64.Build.0 = Release|Any CPU
		{806619A6-F068-40A6-97C5-FDE19EC06AB2}.Release|x86.ActiveCfg = Release|Any CPU
		{806619A6-F068-40A6-97C5-FDE19EC06AB2}.Release|x86.Build.0 = Release|Any CPU
		{B6D5E86C-D6E6-498B-8A2E-A0BDD51D0187}.Debug|Any CPU.ActiveCfg = Debug|Any CPU
		{B6D5E86C-D6E6-498B-8A2E-A0BDD51D0187}.Debug|Any CPU.Build.0 = Debug|Any CPU
		{B6D5E86C-D6E6-498B-8A2E-A0BDD51D0187}.Debug|x64.ActiveCfg = Debug|Any CPU
		{B6D5E86C-D6E6-498B-8A2E-A0BDD51D0187}.Debug|x64.Build.0 = Debug|Any CPU
		{B6D5E86C-D6E6-498B-8A2E-A0BDD51D0187}.Debug|x86.ActiveCfg = Debug|Any CPU
		{B6D5E86C-D6E6-498B-8A2E-A0BDD51D0187}.Debug|x86.Build.0 = Debug|Any CPU
		{B6D5E86C-D6E6-498B-8A2E-A0BDD51D0187}.Release|Any CPU.ActiveCfg = Release|Any CPU
		{B6D5E86C-D6E6-498B-8A2E-A0BDD51D0187}.Release|Any CPU.Build.0 = Release|Any CPU
		{B6D5E86C-D6E6-498B-8A2E-A0BDD51D0187}.Release|x64.ActiveCfg = Release|Any CPU
		{B6D5E86C-D6E6-498B-8A2E-A0BDD51D0187}.Release|x64.Build.0 = Release|Any CPU
		{B6D5E86C-D6E6-498B-8A2E-A0BDD51D0187}.Release|x86.ActiveCfg = Release|Any CPU
		{B6D5E86C-D6E6-498B-8A2E-A0BDD51D0187}.Release|x86.Build.0 = Release|Any CPU
	EndGlobalSection
	GlobalSection(SolutionProperties) = preSolution
		HideSolutionNode = FALSE
	EndGlobalSection
	GlobalSection(NestedProjects) = preSolution
		{1948DE99-6348-4A4A-BF78-2CED1C2EB81A} = {663CE500-61DB-4162-BF6B-F2BF62747C07}
		{3862C669-F499-4C2F-8362-B34ADEFD1420} = {1948DE99-6348-4A4A-BF78-2CED1C2EB81A}
		{0242E51C-7D2C-4115-AA15-482B60A87462} = {1948DE99-6348-4A4A-BF78-2CED1C2EB81A}
		{FBC2420B-D720-4EB0-919E-CDF8FD113402} = {663CE500-61DB-4162-BF6B-F2BF62747C07}
		{37155653-A39A-41C9-A25B-CE9BE1E4F6CC} = {663CE500-61DB-4162-BF6B-F2BF62747C07}
		{F6047A24-6320-486B-9197-164790C37ED2} = {663CE500-61DB-4162-BF6B-F2BF62747C07}
		{0B3709FD-4ABD-4FA8-AF48-BFFC7115DD18} = {9F400FEE-FC9B-4599-A2E2-C9FAAA487C34}
		{A5D88DA8-0FBC-4E88-911C-4F5E75A9197C} = {0B3709FD-4ABD-4FA8-AF48-BFFC7115DD18}
		{51928588-D830-4AAE-85CC-A560006AE75B} = {0B3709FD-4ABD-4FA8-AF48-BFFC7115DD18}
		{6FFD29F1-FD3E-46FC-9D61-9B528FC95AA5} = {9F400FEE-FC9B-4599-A2E2-C9FAAA487C34}
		{806619A6-F068-40A6-97C5-FDE19EC06AB2} = {9F400FEE-FC9B-4599-A2E2-C9FAAA487C34}
		{B6D5E86C-D6E6-498B-8A2E-A0BDD51D0187} = {9F400FEE-FC9B-4599-A2E2-C9FAAA487C34}
	EndGlobalSection
	GlobalSection(ExtensibilityGlobals) = postSolution
		SolutionGuid = {8E34A899-140C-4267-9660-A7F49202E2DF}
	EndGlobalSection
EndGlobal
