
Microsoft Visual Studio Solution File, Format Version 12.00
# Visual Studio 15
VisualStudioVersion = 15.0.26124.0
MinimumVisualStudioVersion = 15.0.26124.0
Project("{2150E333-8FDC-42A3-9474-1A3956D46DE8}") = "Sources", "Sources", "{3122F243-7EB9-40B9-B4A8-854C69C7E4D3}"
EndProject
Project("{2150E333-8FDC-42A3-9474-1A3956D46DE8}") = "Adapters", "Adapters", "{7AF62423-7488-4EE0-9ECD-B908AD46CB4E}"
EndProject
Project("{FAE04EC0-301F-11D3-BF4B-00C04F79EFBC}") = "Scaffold.HttpClients", "Sources\Adapters\Scaffold.HttpClients\Scaffold.HttpClients.csproj", "{585049CA-6482-46D1-948C-44B517A125F8}"
EndProject
Project("{FAE04EC0-301F-11D3-BF4B-00C04F79EFBC}") = "Scaffold.Repositories", "Sources\Adapters\Scaffold.Repositories\Scaffold.Repositories.csproj", "{66D11A41-4FC2-4176-A9DE-EBC0D3362F9F}"
EndProject
Project("{FAE04EC0-301F-11D3-BF4B-00C04F79EFBC}") = "Scaffold.Application", "Sources\Scaffold.Application\Scaffold.Application.csproj", "{6D08D701-5C97-4FDE-8413-845718B0AD2C}"
EndProject
Project("{FAE04EC0-301F-11D3-BF4B-00C04F79EFBC}") = "Scaffold.Domain", "Sources\Scaffold.Domain\Scaffold.Domain.csproj", "{A41712ED-E393-4528-9DCB-E5266A6B11F5}"
EndProject
Project("{FAE04EC0-301F-11D3-BF4B-00C04F79EFBC}") = "Scaffold.WebApi", "Sources\Scaffold.WebApi\Scaffold.WebApi.csproj", "{6CE9CA52-77B1-4C26-921C-81FB04252DD3}"
EndProject
Project("{2150E333-8FDC-42A3-9474-1A3956D46DE8}") = "Tests", "Tests", "{A8BDA72E-007C-4A99-8741-F5005C1DB7A1}"
EndProject
Project("{2150E333-8FDC-42A3-9474-1A3956D46DE8}") = "IntegrationTests", "IntegrationTests", "{89D3AEB2-667A-44EB-A1C3-487BB4374A58}"
EndProject
Project("{FAE04EC0-301F-11D3-BF4B-00C04F79EFBC}") = "Scaffold.WebApi.IntegrationTests", "Tests\IntegrationTests\Scaffold.WebApi.IntegrationTests\Scaffold.WebApi.IntegrationTests.csproj", "{79793516-E041-4824-B731-A076E1D8A471}"
EndProject
Project("{2150E333-8FDC-42A3-9474-1A3956D46DE8}") = "UnitTests", "UnitTests", "{B6FC81AB-2A7D-4E0C-8B53-66DD234CEC8D}"
EndProject
Project("{2150E333-8FDC-42A3-9474-1A3956D46DE8}") = "Adapters", "Adapters", "{BA549E9D-949E-45E2-BAE6-D98711EF771B}"
EndProject
Project("{FAE04EC0-301F-11D3-BF4B-00C04F79EFBC}") = "Scaffold.HttpClients.UnitTests", "Tests\UnitTests\Adapters\Scaffold.HttpClients.UnitTests\Scaffold.HttpClients.UnitTests.csproj", "{98C14DE6-7940-48E8-84DF-C2AA767D4B2E}"
EndProject
Project("{FAE04EC0-301F-11D3-BF4B-00C04F79EFBC}") = "Scaffold.Repositories.UnitTests", "Tests\UnitTests\Adapters\Scaffold.Repositories.UnitTests\Scaffold.Repositories.UnitTests.csproj", "{4EB12ABE-611D-451E-A7CC-A428A342FB3D}"
EndProject
Project("{FAE04EC0-301F-11D3-BF4B-00C04F79EFBC}") = "Scaffold.Application.UnitTests", "Tests\UnitTests\Scaffold.Application.UnitTests\Scaffold.Application.UnitTests.csproj", "{7FFC907C-05DA-4091-96C4-950DBA6D25C0}"
EndProject
Project("{FAE04EC0-301F-11D3-BF4B-00C04F79EFBC}") = "Scaffold.Domain.UnitTests", "Tests\UnitTests\Scaffold.Domain.UnitTests\Scaffold.Domain.UnitTests.csproj", "{5935F764-BD00-43E2-BF24-5447DE87BFD7}"
EndProject
Project("{FAE04EC0-301F-11D3-BF4B-00C04F79EFBC}") = "Scaffold.WebApi.UnitTests", "Tests\UnitTests\Scaffold.WebApi.UnitTests\Scaffold.WebApi.UnitTests.csproj", "{FEEBB14F-D37D-4760-8BE0-49483DB8A566}"
EndProject
Global
	GlobalSection(SolutionConfigurationPlatforms) = preSolution
		Debug|Any CPU = Debug|Any CPU
		Debug|x64 = Debug|x64
		Debug|x86 = Debug|x86
		Release|Any CPU = Release|Any CPU
		Release|x64 = Release|x64
		Release|x86 = Release|x86
	EndGlobalSection
	GlobalSection(SolutionProperties) = preSolution
		HideSolutionNode = FALSE
	EndGlobalSection
	GlobalSection(ProjectConfigurationPlatforms) = postSolution
		{585049CA-6482-46D1-948C-44B517A125F8}.Debug|Any CPU.ActiveCfg = Debug|Any CPU
		{585049CA-6482-46D1-948C-44B517A125F8}.Debug|Any CPU.Build.0 = Debug|Any CPU
		{585049CA-6482-46D1-948C-44B517A125F8}.Debug|x64.ActiveCfg = Debug|Any CPU
		{585049CA-6482-46D1-948C-44B517A125F8}.Debug|x64.Build.0 = Debug|Any CPU
		{585049CA-6482-46D1-948C-44B517A125F8}.Debug|x86.ActiveCfg = Debug|Any CPU
		{585049CA-6482-46D1-948C-44B517A125F8}.Debug|x86.Build.0 = Debug|Any CPU
		{585049CA-6482-46D1-948C-44B517A125F8}.Release|Any CPU.ActiveCfg = Release|Any CPU
		{585049CA-6482-46D1-948C-44B517A125F8}.Release|Any CPU.Build.0 = Release|Any CPU
		{585049CA-6482-46D1-948C-44B517A125F8}.Release|x64.ActiveCfg = Release|Any CPU
		{585049CA-6482-46D1-948C-44B517A125F8}.Release|x64.Build.0 = Release|Any CPU
		{585049CA-6482-46D1-948C-44B517A125F8}.Release|x86.ActiveCfg = Release|Any CPU
		{585049CA-6482-46D1-948C-44B517A125F8}.Release|x86.Build.0 = Release|Any CPU
		{66D11A41-4FC2-4176-A9DE-EBC0D3362F9F}.Debug|Any CPU.ActiveCfg = Debug|Any CPU
		{66D11A41-4FC2-4176-A9DE-EBC0D3362F9F}.Debug|Any CPU.Build.0 = Debug|Any CPU
		{66D11A41-4FC2-4176-A9DE-EBC0D3362F9F}.Debug|x64.ActiveCfg = Debug|Any CPU
		{66D11A41-4FC2-4176-A9DE-EBC0D3362F9F}.Debug|x64.Build.0 = Debug|Any CPU
		{66D11A41-4FC2-4176-A9DE-EBC0D3362F9F}.Debug|x86.ActiveCfg = Debug|Any CPU
		{66D11A41-4FC2-4176-A9DE-EBC0D3362F9F}.Debug|x86.Build.0 = Debug|Any CPU
		{66D11A41-4FC2-4176-A9DE-EBC0D3362F9F}.Release|Any CPU.ActiveCfg = Release|Any CPU
		{66D11A41-4FC2-4176-A9DE-EBC0D3362F9F}.Release|Any CPU.Build.0 = Release|Any CPU
		{66D11A41-4FC2-4176-A9DE-EBC0D3362F9F}.Release|x64.ActiveCfg = Release|Any CPU
		{66D11A41-4FC2-4176-A9DE-EBC0D3362F9F}.Release|x64.Build.0 = Release|Any CPU
		{66D11A41-4FC2-4176-A9DE-EBC0D3362F9F}.Release|x86.ActiveCfg = Release|Any CPU
		{66D11A41-4FC2-4176-A9DE-EBC0D3362F9F}.Release|x86.Build.0 = Release|Any CPU
		{6D08D701-5C97-4FDE-8413-845718B0AD2C}.Debug|Any CPU.ActiveCfg = Debug|Any CPU
		{6D08D701-5C97-4FDE-8413-845718B0AD2C}.Debug|Any CPU.Build.0 = Debug|Any CPU
		{6D08D701-5C97-4FDE-8413-845718B0AD2C}.Debug|x64.ActiveCfg = Debug|Any CPU
		{6D08D701-5C97-4FDE-8413-845718B0AD2C}.Debug|x64.Build.0 = Debug|Any CPU
		{6D08D701-5C97-4FDE-8413-845718B0AD2C}.Debug|x86.ActiveCfg = Debug|Any CPU
		{6D08D701-5C97-4FDE-8413-845718B0AD2C}.Debug|x86.Build.0 = Debug|Any CPU
		{6D08D701-5C97-4FDE-8413-845718B0AD2C}.Release|Any CPU.ActiveCfg = Release|Any CPU
		{6D08D701-5C97-4FDE-8413-845718B0AD2C}.Release|Any CPU.Build.0 = Release|Any CPU
		{6D08D701-5C97-4FDE-8413-845718B0AD2C}.Release|x64.ActiveCfg = Release|Any CPU
		{6D08D701-5C97-4FDE-8413-845718B0AD2C}.Release|x64.Build.0 = Release|Any CPU
		{6D08D701-5C97-4FDE-8413-845718B0AD2C}.Release|x86.ActiveCfg = Release|Any CPU
		{6D08D701-5C97-4FDE-8413-845718B0AD2C}.Release|x86.Build.0 = Release|Any CPU
		{A41712ED-E393-4528-9DCB-E5266A6B11F5}.Debug|Any CPU.ActiveCfg = Debug|Any CPU
		{A41712ED-E393-4528-9DCB-E5266A6B11F5}.Debug|Any CPU.Build.0 = Debug|Any CPU
		{A41712ED-E393-4528-9DCB-E5266A6B11F5}.Debug|x64.ActiveCfg = Debug|Any CPU
		{A41712ED-E393-4528-9DCB-E5266A6B11F5}.Debug|x64.Build.0 = Debug|Any CPU
		{A41712ED-E393-4528-9DCB-E5266A6B11F5}.Debug|x86.ActiveCfg = Debug|Any CPU
		{A41712ED-E393-4528-9DCB-E5266A6B11F5}.Debug|x86.Build.0 = Debug|Any CPU
		{A41712ED-E393-4528-9DCB-E5266A6B11F5}.Release|Any CPU.ActiveCfg = Release|Any CPU
		{A41712ED-E393-4528-9DCB-E5266A6B11F5}.Release|Any CPU.Build.0 = Release|Any CPU
		{A41712ED-E393-4528-9DCB-E5266A6B11F5}.Release|x64.ActiveCfg = Release|Any CPU
		{A41712ED-E393-4528-9DCB-E5266A6B11F5}.Release|x64.Build.0 = Release|Any CPU
		{A41712ED-E393-4528-9DCB-E5266A6B11F5}.Release|x86.ActiveCfg = Release|Any CPU
		{A41712ED-E393-4528-9DCB-E5266A6B11F5}.Release|x86.Build.0 = Release|Any CPU
		{6CE9CA52-77B1-4C26-921C-81FB04252DD3}.Debug|Any CPU.ActiveCfg = Debug|Any CPU
		{6CE9CA52-77B1-4C26-921C-81FB04252DD3}.Debug|Any CPU.Build.0 = Debug|Any CPU
		{6CE9CA52-77B1-4C26-921C-81FB04252DD3}.Debug|x64.ActiveCfg = Debug|Any CPU
		{6CE9CA52-77B1-4C26-921C-81FB04252DD3}.Debug|x64.Build.0 = Debug|Any CPU
		{6CE9CA52-77B1-4C26-921C-81FB04252DD3}.Debug|x86.ActiveCfg = Debug|Any CPU
		{6CE9CA52-77B1-4C26-921C-81FB04252DD3}.Debug|x86.Build.0 = Debug|Any CPU
		{6CE9CA52-77B1-4C26-921C-81FB04252DD3}.Release|Any CPU.ActiveCfg = Release|Any CPU
		{6CE9CA52-77B1-4C26-921C-81FB04252DD3}.Release|Any CPU.Build.0 = Release|Any CPU
		{6CE9CA52-77B1-4C26-921C-81FB04252DD3}.Release|x64.ActiveCfg = Release|Any CPU
		{6CE9CA52-77B1-4C26-921C-81FB04252DD3}.Release|x64.Build.0 = Release|Any CPU
		{6CE9CA52-77B1-4C26-921C-81FB04252DD3}.Release|x86.ActiveCfg = Release|Any CPU
		{6CE9CA52-77B1-4C26-921C-81FB04252DD3}.Release|x86.Build.0 = Release|Any CPU
		{79793516-E041-4824-B731-A076E1D8A471}.Debug|Any CPU.ActiveCfg = Debug|Any CPU
		{79793516-E041-4824-B731-A076E1D8A471}.Debug|Any CPU.Build.0 = Debug|Any CPU
		{79793516-E041-4824-B731-A076E1D8A471}.Debug|x64.ActiveCfg = Debug|Any CPU
		{79793516-E041-4824-B731-A076E1D8A471}.Debug|x64.Build.0 = Debug|Any CPU
		{79793516-E041-4824-B731-A076E1D8A471}.Debug|x86.ActiveCfg = Debug|Any CPU
		{79793516-E041-4824-B731-A076E1D8A471}.Debug|x86.Build.0 = Debug|Any CPU
		{79793516-E041-4824-B731-A076E1D8A471}.Release|Any CPU.ActiveCfg = Release|Any CPU
		{79793516-E041-4824-B731-A076E1D8A471}.Release|Any CPU.Build.0 = Release|Any CPU
		{79793516-E041-4824-B731-A076E1D8A471}.Release|x64.ActiveCfg = Release|Any CPU
		{79793516-E041-4824-B731-A076E1D8A471}.Release|x64.Build.0 = Release|Any CPU
		{79793516-E041-4824-B731-A076E1D8A471}.Release|x86.ActiveCfg = Release|Any CPU
		{79793516-E041-4824-B731-A076E1D8A471}.Release|x86.Build.0 = Release|Any CPU
		{98C14DE6-7940-48E8-84DF-C2AA767D4B2E}.Debug|Any CPU.ActiveCfg = Debug|Any CPU
		{98C14DE6-7940-48E8-84DF-C2AA767D4B2E}.Debug|Any CPU.Build.0 = Debug|Any CPU
		{98C14DE6-7940-48E8-84DF-C2AA767D4B2E}.Debug|x64.ActiveCfg = Debug|Any CPU
		{98C14DE6-7940-48E8-84DF-C2AA767D4B2E}.Debug|x64.Build.0 = Debug|Any CPU
		{98C14DE6-7940-48E8-84DF-C2AA767D4B2E}.Debug|x86.ActiveCfg = Debug|Any CPU
		{98C14DE6-7940-48E8-84DF-C2AA767D4B2E}.Debug|x86.Build.0 = Debug|Any CPU
		{98C14DE6-7940-48E8-84DF-C2AA767D4B2E}.Release|Any CPU.ActiveCfg = Release|Any CPU
		{98C14DE6-7940-48E8-84DF-C2AA767D4B2E}.Release|Any CPU.Build.0 = Release|Any CPU
		{98C14DE6-7940-48E8-84DF-C2AA767D4B2E}.Release|x64.ActiveCfg = Release|Any CPU
		{98C14DE6-7940-48E8-84DF-C2AA767D4B2E}.Release|x64.Build.0 = Release|Any CPU
		{98C14DE6-7940-48E8-84DF-C2AA767D4B2E}.Release|x86.ActiveCfg = Release|Any CPU
		{98C14DE6-7940-48E8-84DF-C2AA767D4B2E}.Release|x86.Build.0 = Release|Any CPU
		{4EB12ABE-611D-451E-A7CC-A428A342FB3D}.Debug|Any CPU.ActiveCfg = Debug|Any CPU
		{4EB12ABE-611D-451E-A7CC-A428A342FB3D}.Debug|Any CPU.Build.0 = Debug|Any CPU
		{4EB12ABE-611D-451E-A7CC-A428A342FB3D}.Debug|x64.ActiveCfg = Debug|Any CPU
		{4EB12ABE-611D-451E-A7CC-A428A342FB3D}.Debug|x64.Build.0 = Debug|Any CPU
		{4EB12ABE-611D-451E-A7CC-A428A342FB3D}.Debug|x86.ActiveCfg = Debug|Any CPU
		{4EB12ABE-611D-451E-A7CC-A428A342FB3D}.Debug|x86.Build.0 = Debug|Any CPU
		{4EB12ABE-611D-451E-A7CC-A428A342FB3D}.Release|Any CPU.ActiveCfg = Release|Any CPU
		{4EB12ABE-611D-451E-A7CC-A428A342FB3D}.Release|Any CPU.Build.0 = Release|Any CPU
		{4EB12ABE-611D-451E-A7CC-A428A342FB3D}.Release|x64.ActiveCfg = Release|Any CPU
		{4EB12ABE-611D-451E-A7CC-A428A342FB3D}.Release|x64.Build.0 = Release|Any CPU
		{4EB12ABE-611D-451E-A7CC-A428A342FB3D}.Release|x86.ActiveCfg = Release|Any CPU
		{4EB12ABE-611D-451E-A7CC-A428A342FB3D}.Release|x86.Build.0 = Release|Any CPU
		{7FFC907C-05DA-4091-96C4-950DBA6D25C0}.Debug|Any CPU.ActiveCfg = Debug|Any CPU
		{7FFC907C-05DA-4091-96C4-950DBA6D25C0}.Debug|Any CPU.Build.0 = Debug|Any CPU
		{7FFC907C-05DA-4091-96C4-950DBA6D25C0}.Debug|x64.ActiveCfg = Debug|Any CPU
		{7FFC907C-05DA-4091-96C4-950DBA6D25C0}.Debug|x64.Build.0 = Debug|Any CPU
		{7FFC907C-05DA-4091-96C4-950DBA6D25C0}.Debug|x86.ActiveCfg = Debug|Any CPU
		{7FFC907C-05DA-4091-96C4-950DBA6D25C0}.Debug|x86.Build.0 = Debug|Any CPU
		{7FFC907C-05DA-4091-96C4-950DBA6D25C0}.Release|Any CPU.ActiveCfg = Release|Any CPU
		{7FFC907C-05DA-4091-96C4-950DBA6D25C0}.Release|Any CPU.Build.0 = Release|Any CPU
		{7FFC907C-05DA-4091-96C4-950DBA6D25C0}.Release|x64.ActiveCfg = Release|Any CPU
		{7FFC907C-05DA-4091-96C4-950DBA6D25C0}.Release|x64.Build.0 = Release|Any CPU
		{7FFC907C-05DA-4091-96C4-950DBA6D25C0}.Release|x86.ActiveCfg = Release|Any CPU
		{7FFC907C-05DA-4091-96C4-950DBA6D25C0}.Release|x86.Build.0 = Release|Any CPU
		{5935F764-BD00-43E2-BF24-5447DE87BFD7}.Debug|Any CPU.ActiveCfg = Debug|Any CPU
		{5935F764-BD00-43E2-BF24-5447DE87BFD7}.Debug|Any CPU.Build.0 = Debug|Any CPU
		{5935F764-BD00-43E2-BF24-5447DE87BFD7}.Debug|x64.ActiveCfg = Debug|Any CPU
		{5935F764-BD00-43E2-BF24-5447DE87BFD7}.Debug|x64.Build.0 = Debug|Any CPU
		{5935F764-BD00-43E2-BF24-5447DE87BFD7}.Debug|x86.ActiveCfg = Debug|Any CPU
		{5935F764-BD00-43E2-BF24-5447DE87BFD7}.Debug|x86.Build.0 = Debug|Any CPU
		{5935F764-BD00-43E2-BF24-5447DE87BFD7}.Release|Any CPU.ActiveCfg = Release|Any CPU
		{5935F764-BD00-43E2-BF24-5447DE87BFD7}.Release|Any CPU.Build.0 = Release|Any CPU
		{5935F764-BD00-43E2-BF24-5447DE87BFD7}.Release|x64.ActiveCfg = Release|Any CPU
		{5935F764-BD00-43E2-BF24-5447DE87BFD7}.Release|x64.Build.0 = Release|Any CPU
		{5935F764-BD00-43E2-BF24-5447DE87BFD7}.Release|x86.ActiveCfg = Release|Any CPU
		{5935F764-BD00-43E2-BF24-5447DE87BFD7}.Release|x86.Build.0 = Release|Any CPU
		{FEEBB14F-D37D-4760-8BE0-49483DB8A566}.Debug|Any CPU.ActiveCfg = Debug|Any CPU
		{FEEBB14F-D37D-4760-8BE0-49483DB8A566}.Debug|Any CPU.Build.0 = Debug|Any CPU
		{FEEBB14F-D37D-4760-8BE0-49483DB8A566}.Debug|x64.ActiveCfg = Debug|Any CPU
		{FEEBB14F-D37D-4760-8BE0-49483DB8A566}.Debug|x64.Build.0 = Debug|Any CPU
		{FEEBB14F-D37D-4760-8BE0-49483DB8A566}.Debug|x86.ActiveCfg = Debug|Any CPU
		{FEEBB14F-D37D-4760-8BE0-49483DB8A566}.Debug|x86.Build.0 = Debug|Any CPU
		{FEEBB14F-D37D-4760-8BE0-49483DB8A566}.Release|Any CPU.ActiveCfg = Release|Any CPU
		{FEEBB14F-D37D-4760-8BE0-49483DB8A566}.Release|Any CPU.Build.0 = Release|Any CPU
		{FEEBB14F-D37D-4760-8BE0-49483DB8A566}.Release|x64.ActiveCfg = Release|Any CPU
		{FEEBB14F-D37D-4760-8BE0-49483DB8A566}.Release|x64.Build.0 = Release|Any CPU
		{FEEBB14F-D37D-4760-8BE0-49483DB8A566}.Release|x86.ActiveCfg = Release|Any CPU
		{FEEBB14F-D37D-4760-8BE0-49483DB8A566}.Release|x86.Build.0 = Release|Any CPU
	EndGlobalSection
	GlobalSection(NestedProjects) = preSolution
		{7AF62423-7488-4EE0-9ECD-B908AD46CB4E} = {3122F243-7EB9-40B9-B4A8-854C69C7E4D3}
		{585049CA-6482-46D1-948C-44B517A125F8} = {7AF62423-7488-4EE0-9ECD-B908AD46CB4E}
		{66D11A41-4FC2-4176-A9DE-EBC0D3362F9F} = {7AF62423-7488-4EE0-9ECD-B908AD46CB4E}
		{6D08D701-5C97-4FDE-8413-845718B0AD2C} = {3122F243-7EB9-40B9-B4A8-854C69C7E4D3}
		{A41712ED-E393-4528-9DCB-E5266A6B11F5} = {3122F243-7EB9-40B9-B4A8-854C69C7E4D3}
		{6CE9CA52-77B1-4C26-921C-81FB04252DD3} = {3122F243-7EB9-40B9-B4A8-854C69C7E4D3}
		{89D3AEB2-667A-44EB-A1C3-487BB4374A58} = {A8BDA72E-007C-4A99-8741-F5005C1DB7A1}
		{79793516-E041-4824-B731-A076E1D8A471} = {89D3AEB2-667A-44EB-A1C3-487BB4374A58}
		{B6FC81AB-2A7D-4E0C-8B53-66DD234CEC8D} = {A8BDA72E-007C-4A99-8741-F5005C1DB7A1}
		{BA549E9D-949E-45E2-BAE6-D98711EF771B} = {B6FC81AB-2A7D-4E0C-8B53-66DD234CEC8D}
		{98C14DE6-7940-48E8-84DF-C2AA767D4B2E} = {BA549E9D-949E-45E2-BAE6-D98711EF771B}
		{4EB12ABE-611D-451E-A7CC-A428A342FB3D} = {BA549E9D-949E-45E2-BAE6-D98711EF771B}
		{7FFC907C-05DA-4091-96C4-950DBA6D25C0} = {B6FC81AB-2A7D-4E0C-8B53-66DD234CEC8D}
		{5935F764-BD00-43E2-BF24-5447DE87BFD7} = {B6FC81AB-2A7D-4E0C-8B53-66DD234CEC8D}
		{FEEBB14F-D37D-4760-8BE0-49483DB8A566} = {B6FC81AB-2A7D-4E0C-8B53-66DD234CEC8D}
	EndGlobalSection
EndGlobal
