
Microsoft Visual Studio Solution File, Format Version 12.00
# Visual Studio 15
VisualStudioVersion = 15.0.26124.0
MinimumVisualStudioVersion = 15.0.26124.0
Project("{2150E333-8FDC-42A3-9474-1A3956D46DE8}") = "Sources", "Sources", "{EAC1BEF0-2404-4C88-95C3-ADF98106F5E1}"
EndProject
Project("{2150E333-8FDC-42A3-9474-1A3956D46DE8}") = "Adapters", "Adapters", "{F91D0290-BD9D-4AFD-8E31-B3A641037854}"
EndProject
Project("{FAE04EC0-301F-11D3-BF4B-00C04F79EFBC}") = "Scaffold.HttpClients", "Sources\Adapters\Scaffold.HttpClients\Scaffold.HttpClients.csproj", "{6E4F91B8-106B-41C8-82B1-6E20B5C74D0F}"
EndProject
Project("{FAE04EC0-301F-11D3-BF4B-00C04F79EFBC}") = "Scaffold.Repositories.PostgreSQL", "Sources\Adapters\Scaffold.Repositories.PostgreSQL\Scaffold.Repositories.PostgreSQL.csproj", "{E28055F2-321E-4853-A06D-00E4B656010C}"
EndProject
Project("{FAE04EC0-301F-11D3-BF4B-00C04F79EFBC}") = "Scaffold.Application", "Sources\Scaffold.Application\Scaffold.Application.csproj", "{7F886BC0-973D-4981-A052-40D1DA4E0B0E}"
EndProject
Project("{FAE04EC0-301F-11D3-BF4B-00C04F79EFBC}") = "Scaffold.Domain", "Sources\Scaffold.Domain\Scaffold.Domain.csproj", "{3A02961E-47B1-424A-944F-F8BFC8D10345}"
EndProject
Project("{FAE04EC0-301F-11D3-BF4B-00C04F79EFBC}") = "Scaffold.WebApi", "Sources\Scaffold.WebApi\Scaffold.WebApi.csproj", "{76043040-C74A-4DAC-9E04-CFF79EA85AA8}"
EndProject
Project("{2150E333-8FDC-42A3-9474-1A3956D46DE8}") = "Tests", "Tests", "{80B0A7A1-50BE-46DB-B57A-6BFD94E82D6B}"
EndProject
Project("{2150E333-8FDC-42A3-9474-1A3956D46DE8}") = "IntegrationTests", "IntegrationTests", "{FB0F3598-626D-42D8-A41A-8630CBFED78A}"
EndProject
Project("{FAE04EC0-301F-11D3-BF4B-00C04F79EFBC}") = "Scaffold.WebApi.IntegrationTests", "Tests\IntegrationTests\Scaffold.WebApi.IntegrationTests\Scaffold.WebApi.IntegrationTests.csproj", "{127C239A-1EFD-4665-9271-A1B458B0B698}"
EndProject
Project("{2150E333-8FDC-42A3-9474-1A3956D46DE8}") = "UnitTests", "UnitTests", "{3135D8A5-F80D-4183-AE36-79825B6DDF63}"
EndProject
Project("{2150E333-8FDC-42A3-9474-1A3956D46DE8}") = "Adapters", "Adapters", "{A9F2779D-161C-47A6-B357-CB825DFFE1AF}"
EndProject
Project("{FAE04EC0-301F-11D3-BF4B-00C04F79EFBC}") = "Scaffold.HttpClients.UnitTests", "Tests\UnitTests\Adapters\Scaffold.HttpClients.UnitTests\Scaffold.HttpClients.UnitTests.csproj", "{4F34782E-5949-415B-A137-63BA373F1A22}"
EndProject
Project("{FAE04EC0-301F-11D3-BF4B-00C04F79EFBC}") = "Scaffold.Repositories.PostgreSQL.UnitTests", "Tests\UnitTests\Adapters\Scaffold.Repositories.PostgreSQL.UnitTests\Scaffold.Repositories.PostgreSQL.UnitTests.csproj", "{74322ACE-0A85-4089-B698-2F36B37DC828}"
EndProject
Project("{FAE04EC0-301F-11D3-BF4B-00C04F79EFBC}") = "Scaffold.Application.UnitTests", "Tests\UnitTests\Scaffold.Application.UnitTests\Scaffold.Application.UnitTests.csproj", "{88B0C2BB-1976-4753-98F5-4E11AD354D0A}"
EndProject
Project("{FAE04EC0-301F-11D3-BF4B-00C04F79EFBC}") = "Scaffold.Domain.UnitTests", "Tests\UnitTests\Scaffold.Domain.UnitTests\Scaffold.Domain.UnitTests.csproj", "{A3F4A212-6064-40A0-99FD-AF332924495D}"
EndProject
Project("{FAE04EC0-301F-11D3-BF4B-00C04F79EFBC}") = "Scaffold.WebApi.UnitTests", "Tests\UnitTests\Scaffold.WebApi.UnitTests\Scaffold.WebApi.UnitTests.csproj", "{C701653E-049E-401A-96B5-0B289352ABE5}"
EndProject
Global
	GlobalSection(SolutionConfigurationPlatforms) = preSolution
		Debug|Any CPU = Debug|Any CPU
		Debug|x64 = Debug|x64
		Debug|x86 = Debug|x86
		Release|Any CPU = Release|Any CPU
		Release|x64 = Release|x64
		Release|x86 = Release|x86
	EndGlobalSection
	GlobalSection(SolutionProperties) = preSolution
		HideSolutionNode = FALSE
	EndGlobalSection
	GlobalSection(ProjectConfigurationPlatforms) = postSolution
		{6E4F91B8-106B-41C8-82B1-6E20B5C74D0F}.Debug|Any CPU.ActiveCfg = Debug|Any CPU
		{6E4F91B8-106B-41C8-82B1-6E20B5C74D0F}.Debug|Any CPU.Build.0 = Debug|Any CPU
		{6E4F91B8-106B-41C8-82B1-6E20B5C74D0F}.Debug|x64.ActiveCfg = Debug|Any CPU
		{6E4F91B8-106B-41C8-82B1-6E20B5C74D0F}.Debug|x64.Build.0 = Debug|Any CPU
		{6E4F91B8-106B-41C8-82B1-6E20B5C74D0F}.Debug|x86.ActiveCfg = Debug|Any CPU
		{6E4F91B8-106B-41C8-82B1-6E20B5C74D0F}.Debug|x86.Build.0 = Debug|Any CPU
		{6E4F91B8-106B-41C8-82B1-6E20B5C74D0F}.Release|Any CPU.ActiveCfg = Release|Any CPU
		{6E4F91B8-106B-41C8-82B1-6E20B5C74D0F}.Release|Any CPU.Build.0 = Release|Any CPU
		{6E4F91B8-106B-41C8-82B1-6E20B5C74D0F}.Release|x64.ActiveCfg = Release|Any CPU
		{6E4F91B8-106B-41C8-82B1-6E20B5C74D0F}.Release|x64.Build.0 = Release|Any CPU
		{6E4F91B8-106B-41C8-82B1-6E20B5C74D0F}.Release|x86.ActiveCfg = Release|Any CPU
		{6E4F91B8-106B-41C8-82B1-6E20B5C74D0F}.Release|x86.Build.0 = Release|Any CPU
		{E28055F2-321E-4853-A06D-00E4B656010C}.Debug|Any CPU.ActiveCfg = Debug|Any CPU
		{E28055F2-321E-4853-A06D-00E4B656010C}.Debug|Any CPU.Build.0 = Debug|Any CPU
		{E28055F2-321E-4853-A06D-00E4B656010C}.Debug|x64.ActiveCfg = Debug|Any CPU
		{E28055F2-321E-4853-A06D-00E4B656010C}.Debug|x64.Build.0 = Debug|Any CPU
		{E28055F2-321E-4853-A06D-00E4B656010C}.Debug|x86.ActiveCfg = Debug|Any CPU
		{E28055F2-321E-4853-A06D-00E4B656010C}.Debug|x86.Build.0 = Debug|Any CPU
		{E28055F2-321E-4853-A06D-00E4B656010C}.Release|Any CPU.ActiveCfg = Release|Any CPU
		{E28055F2-321E-4853-A06D-00E4B656010C}.Release|Any CPU.Build.0 = Release|Any CPU
		{E28055F2-321E-4853-A06D-00E4B656010C}.Release|x64.ActiveCfg = Release|Any CPU
		{E28055F2-321E-4853-A06D-00E4B656010C}.Release|x64.Build.0 = Release|Any CPU
		{E28055F2-321E-4853-A06D-00E4B656010C}.Release|x86.ActiveCfg = Release|Any CPU
		{E28055F2-321E-4853-A06D-00E4B656010C}.Release|x86.Build.0 = Release|Any CPU
		{7F886BC0-973D-4981-A052-40D1DA4E0B0E}.Debug|Any CPU.ActiveCfg = Debug|Any CPU
		{7F886BC0-973D-4981-A052-40D1DA4E0B0E}.Debug|Any CPU.Build.0 = Debug|Any CPU
		{7F886BC0-973D-4981-A052-40D1DA4E0B0E}.Debug|x64.ActiveCfg = Debug|Any CPU
		{7F886BC0-973D-4981-A052-40D1DA4E0B0E}.Debug|x64.Build.0 = Debug|Any CPU
		{7F886BC0-973D-4981-A052-40D1DA4E0B0E}.Debug|x86.ActiveCfg = Debug|Any CPU
		{7F886BC0-973D-4981-A052-40D1DA4E0B0E}.Debug|x86.Build.0 = Debug|Any CPU
		{7F886BC0-973D-4981-A052-40D1DA4E0B0E}.Release|Any CPU.ActiveCfg = Release|Any CPU
		{7F886BC0-973D-4981-A052-40D1DA4E0B0E}.Release|Any CPU.Build.0 = Release|Any CPU
		{7F886BC0-973D-4981-A052-40D1DA4E0B0E}.Release|x64.ActiveCfg = Release|Any CPU
		{7F886BC0-973D-4981-A052-40D1DA4E0B0E}.Release|x64.Build.0 = Release|Any CPU
		{7F886BC0-973D-4981-A052-40D1DA4E0B0E}.Release|x86.ActiveCfg = Release|Any CPU
		{7F886BC0-973D-4981-A052-40D1DA4E0B0E}.Release|x86.Build.0 = Release|Any CPU
		{3A02961E-47B1-424A-944F-F8BFC8D10345}.Debug|Any CPU.ActiveCfg = Debug|Any CPU
		{3A02961E-47B1-424A-944F-F8BFC8D10345}.Debug|Any CPU.Build.0 = Debug|Any CPU
		{3A02961E-47B1-424A-944F-F8BFC8D10345}.Debug|x64.ActiveCfg = Debug|Any CPU
		{3A02961E-47B1-424A-944F-F8BFC8D10345}.Debug|x64.Build.0 = Debug|Any CPU
		{3A02961E-47B1-424A-944F-F8BFC8D10345}.Debug|x86.ActiveCfg = Debug|Any CPU
		{3A02961E-47B1-424A-944F-F8BFC8D10345}.Debug|x86.Build.0 = Debug|Any CPU
		{3A02961E-47B1-424A-944F-F8BFC8D10345}.Release|Any CPU.ActiveCfg = Release|Any CPU
		{3A02961E-47B1-424A-944F-F8BFC8D10345}.Release|Any CPU.Build.0 = Release|Any CPU
		{3A02961E-47B1-424A-944F-F8BFC8D10345}.Release|x64.ActiveCfg = Release|Any CPU
		{3A02961E-47B1-424A-944F-F8BFC8D10345}.Release|x64.Build.0 = Release|Any CPU
		{3A02961E-47B1-424A-944F-F8BFC8D10345}.Release|x86.ActiveCfg = Release|Any CPU
		{3A02961E-47B1-424A-944F-F8BFC8D10345}.Release|x86.Build.0 = Release|Any CPU
		{76043040-C74A-4DAC-9E04-CFF79EA85AA8}.Debug|Any CPU.ActiveCfg = Debug|Any CPU
		{76043040-C74A-4DAC-9E04-CFF79EA85AA8}.Debug|Any CPU.Build.0 = Debug|Any CPU
		{76043040-C74A-4DAC-9E04-CFF79EA85AA8}.Debug|x64.ActiveCfg = Debug|Any CPU
		{76043040-C74A-4DAC-9E04-CFF79EA85AA8}.Debug|x64.Build.0 = Debug|Any CPU
		{76043040-C74A-4DAC-9E04-CFF79EA85AA8}.Debug|x86.ActiveCfg = Debug|Any CPU
		{76043040-C74A-4DAC-9E04-CFF79EA85AA8}.Debug|x86.Build.0 = Debug|Any CPU
		{76043040-C74A-4DAC-9E04-CFF79EA85AA8}.Release|Any CPU.ActiveCfg = Release|Any CPU
		{76043040-C74A-4DAC-9E04-CFF79EA85AA8}.Release|Any CPU.Build.0 = Release|Any CPU
		{76043040-C74A-4DAC-9E04-CFF79EA85AA8}.Release|x64.ActiveCfg = Release|Any CPU
		{76043040-C74A-4DAC-9E04-CFF79EA85AA8}.Release|x64.Build.0 = Release|Any CPU
		{76043040-C74A-4DAC-9E04-CFF79EA85AA8}.Release|x86.ActiveCfg = Release|Any CPU
		{76043040-C74A-4DAC-9E04-CFF79EA85AA8}.Release|x86.Build.0 = Release|Any CPU
		{127C239A-1EFD-4665-9271-A1B458B0B698}.Debug|Any CPU.ActiveCfg = Debug|Any CPU
		{127C239A-1EFD-4665-9271-A1B458B0B698}.Debug|Any CPU.Build.0 = Debug|Any CPU
		{127C239A-1EFD-4665-9271-A1B458B0B698}.Debug|x64.ActiveCfg = Debug|Any CPU
		{127C239A-1EFD-4665-9271-A1B458B0B698}.Debug|x64.Build.0 = Debug|Any CPU
		{127C239A-1EFD-4665-9271-A1B458B0B698}.Debug|x86.ActiveCfg = Debug|Any CPU
		{127C239A-1EFD-4665-9271-A1B458B0B698}.Debug|x86.Build.0 = Debug|Any CPU
		{127C239A-1EFD-4665-9271-A1B458B0B698}.Release|Any CPU.ActiveCfg = Release|Any CPU
		{127C239A-1EFD-4665-9271-A1B458B0B698}.Release|Any CPU.Build.0 = Release|Any CPU
		{127C239A-1EFD-4665-9271-A1B458B0B698}.Release|x64.ActiveCfg = Release|Any CPU
		{127C239A-1EFD-4665-9271-A1B458B0B698}.Release|x64.Build.0 = Release|Any CPU
		{127C239A-1EFD-4665-9271-A1B458B0B698}.Release|x86.ActiveCfg = Release|Any CPU
		{127C239A-1EFD-4665-9271-A1B458B0B698}.Release|x86.Build.0 = Release|Any CPU
		{4F34782E-5949-415B-A137-63BA373F1A22}.Debug|Any CPU.ActiveCfg = Debug|Any CPU
		{4F34782E-5949-415B-A137-63BA373F1A22}.Debug|Any CPU.Build.0 = Debug|Any CPU
		{4F34782E-5949-415B-A137-63BA373F1A22}.Debug|x64.ActiveCfg = Debug|Any CPU
		{4F34782E-5949-415B-A137-63BA373F1A22}.Debug|x64.Build.0 = Debug|Any CPU
		{4F34782E-5949-415B-A137-63BA373F1A22}.Debug|x86.ActiveCfg = Debug|Any CPU
		{4F34782E-5949-415B-A137-63BA373F1A22}.Debug|x86.Build.0 = Debug|Any CPU
		{4F34782E-5949-415B-A137-63BA373F1A22}.Release|Any CPU.ActiveCfg = Release|Any CPU
		{4F34782E-5949-415B-A137-63BA373F1A22}.Release|Any CPU.Build.0 = Release|Any CPU
		{4F34782E-5949-415B-A137-63BA373F1A22}.Release|x64.ActiveCfg = Release|Any CPU
		{4F34782E-5949-415B-A137-63BA373F1A22}.Release|x64.Build.0 = Release|Any CPU
		{4F34782E-5949-415B-A137-63BA373F1A22}.Release|x86.ActiveCfg = Release|Any CPU
		{4F34782E-5949-415B-A137-63BA373F1A22}.Release|x86.Build.0 = Release|Any CPU
		{74322ACE-0A85-4089-B698-2F36B37DC828}.Debug|Any CPU.ActiveCfg = Debug|Any CPU
		{74322ACE-0A85-4089-B698-2F36B37DC828}.Debug|Any CPU.Build.0 = Debug|Any CPU
		{74322ACE-0A85-4089-B698-2F36B37DC828}.Debug|x64.ActiveCfg = Debug|Any CPU
		{74322ACE-0A85-4089-B698-2F36B37DC828}.Debug|x64.Build.0 = Debug|Any CPU
		{74322ACE-0A85-4089-B698-2F36B37DC828}.Debug|x86.ActiveCfg = Debug|Any CPU
		{74322ACE-0A85-4089-B698-2F36B37DC828}.Debug|x86.Build.0 = Debug|Any CPU
		{74322ACE-0A85-4089-B698-2F36B37DC828}.Release|Any CPU.ActiveCfg = Release|Any CPU
		{74322ACE-0A85-4089-B698-2F36B37DC828}.Release|Any CPU.Build.0 = Release|Any CPU
		{74322ACE-0A85-4089-B698-2F36B37DC828}.Release|x64.ActiveCfg = Release|Any CPU
		{74322ACE-0A85-4089-B698-2F36B37DC828}.Release|x64.Build.0 = Release|Any CPU
		{74322ACE-0A85-4089-B698-2F36B37DC828}.Release|x86.ActiveCfg = Release|Any CPU
		{74322ACE-0A85-4089-B698-2F36B37DC828}.Release|x86.Build.0 = Release|Any CPU
		{88B0C2BB-1976-4753-98F5-4E11AD354D0A}.Debug|Any CPU.ActiveCfg = Debug|Any CPU
		{88B0C2BB-1976-4753-98F5-4E11AD354D0A}.Debug|Any CPU.Build.0 = Debug|Any CPU
		{88B0C2BB-1976-4753-98F5-4E11AD354D0A}.Debug|x64.ActiveCfg = Debug|Any CPU
		{88B0C2BB-1976-4753-98F5-4E11AD354D0A}.Debug|x64.Build.0 = Debug|Any CPU
		{88B0C2BB-1976-4753-98F5-4E11AD354D0A}.Debug|x86.ActiveCfg = Debug|Any CPU
		{88B0C2BB-1976-4753-98F5-4E11AD354D0A}.Debug|x86.Build.0 = Debug|Any CPU
		{88B0C2BB-1976-4753-98F5-4E11AD354D0A}.Release|Any CPU.ActiveCfg = Release|Any CPU
		{88B0C2BB-1976-4753-98F5-4E11AD354D0A}.Release|Any CPU.Build.0 = Release|Any CPU
		{88B0C2BB-1976-4753-98F5-4E11AD354D0A}.Release|x64.ActiveCfg = Release|Any CPU
		{88B0C2BB-1976-4753-98F5-4E11AD354D0A}.Release|x64.Build.0 = Release|Any CPU
		{88B0C2BB-1976-4753-98F5-4E11AD354D0A}.Release|x86.ActiveCfg = Release|Any CPU
		{88B0C2BB-1976-4753-98F5-4E11AD354D0A}.Release|x86.Build.0 = Release|Any CPU
		{A3F4A212-6064-40A0-99FD-AF332924495D}.Debug|Any CPU.ActiveCfg = Debug|Any CPU
		{A3F4A212-6064-40A0-99FD-AF332924495D}.Debug|Any CPU.Build.0 = Debug|Any CPU
		{A3F4A212-6064-40A0-99FD-AF332924495D}.Debug|x64.ActiveCfg = Debug|Any CPU
		{A3F4A212-6064-40A0-99FD-AF332924495D}.Debug|x64.Build.0 = Debug|Any CPU
		{A3F4A212-6064-40A0-99FD-AF332924495D}.Debug|x86.ActiveCfg = Debug|Any CPU
		{A3F4A212-6064-40A0-99FD-AF332924495D}.Debug|x86.Build.0 = Debug|Any CPU
		{A3F4A212-6064-40A0-99FD-AF332924495D}.Release|Any CPU.ActiveCfg = Release|Any CPU
		{A3F4A212-6064-40A0-99FD-AF332924495D}.Release|Any CPU.Build.0 = Release|Any CPU
		{A3F4A212-6064-40A0-99FD-AF332924495D}.Release|x64.ActiveCfg = Release|Any CPU
		{A3F4A212-6064-40A0-99FD-AF332924495D}.Release|x64.Build.0 = Release|Any CPU
		{A3F4A212-6064-40A0-99FD-AF332924495D}.Release|x86.ActiveCfg = Release|Any CPU
		{A3F4A212-6064-40A0-99FD-AF332924495D}.Release|x86.Build.0 = Release|Any CPU
		{C701653E-049E-401A-96B5-0B289352ABE5}.Debug|Any CPU.ActiveCfg = Debug|Any CPU
		{C701653E-049E-401A-96B5-0B289352ABE5}.Debug|Any CPU.Build.0 = Debug|Any CPU
		{C701653E-049E-401A-96B5-0B289352ABE5}.Debug|x64.ActiveCfg = Debug|Any CPU
		{C701653E-049E-401A-96B5-0B289352ABE5}.Debug|x64.Build.0 = Debug|Any CPU
		{C701653E-049E-401A-96B5-0B289352ABE5}.Debug|x86.ActiveCfg = Debug|Any CPU
		{C701653E-049E-401A-96B5-0B289352ABE5}.Debug|x86.Build.0 = Debug|Any CPU
		{C701653E-049E-401A-96B5-0B289352ABE5}.Release|Any CPU.ActiveCfg = Release|Any CPU
		{C701653E-049E-401A-96B5-0B289352ABE5}.Release|Any CPU.Build.0 = Release|Any CPU
		{C701653E-049E-401A-96B5-0B289352ABE5}.Release|x64.ActiveCfg = Release|Any CPU
		{C701653E-049E-401A-96B5-0B289352ABE5}.Release|x64.Build.0 = Release|Any CPU
		{C701653E-049E-401A-96B5-0B289352ABE5}.Release|x86.ActiveCfg = Release|Any CPU
		{C701653E-049E-401A-96B5-0B289352ABE5}.Release|x86.Build.0 = Release|Any CPU
	EndGlobalSection
	GlobalSection(NestedProjects) = preSolution
		{F91D0290-BD9D-4AFD-8E31-B3A641037854} = {EAC1BEF0-2404-4C88-95C3-ADF98106F5E1}
		{6E4F91B8-106B-41C8-82B1-6E20B5C74D0F} = {F91D0290-BD9D-4AFD-8E31-B3A641037854}
		{E28055F2-321E-4853-A06D-00E4B656010C} = {F91D0290-BD9D-4AFD-8E31-B3A641037854}
		{7F886BC0-973D-4981-A052-40D1DA4E0B0E} = {EAC1BEF0-2404-4C88-95C3-ADF98106F5E1}
		{3A02961E-47B1-424A-944F-F8BFC8D10345} = {EAC1BEF0-2404-4C88-95C3-ADF98106F5E1}
		{76043040-C74A-4DAC-9E04-CFF79EA85AA8} = {EAC1BEF0-2404-4C88-95C3-ADF98106F5E1}
		{FB0F3598-626D-42D8-A41A-8630CBFED78A} = {80B0A7A1-50BE-46DB-B57A-6BFD94E82D6B}
		{127C239A-1EFD-4665-9271-A1B458B0B698} = {FB0F3598-626D-42D8-A41A-8630CBFED78A}
		{3135D8A5-F80D-4183-AE36-79825B6DDF63} = {80B0A7A1-50BE-46DB-B57A-6BFD94E82D6B}
		{A9F2779D-161C-47A6-B357-CB825DFFE1AF} = {3135D8A5-F80D-4183-AE36-79825B6DDF63}
		{4F34782E-5949-415B-A137-63BA373F1A22} = {A9F2779D-161C-47A6-B357-CB825DFFE1AF}
		{74322ACE-0A85-4089-B698-2F36B37DC828} = {A9F2779D-161C-47A6-B357-CB825DFFE1AF}
		{88B0C2BB-1976-4753-98F5-4E11AD354D0A} = {3135D8A5-F80D-4183-AE36-79825B6DDF63}
		{A3F4A212-6064-40A0-99FD-AF332924495D} = {3135D8A5-F80D-4183-AE36-79825B6DDF63}
		{C701653E-049E-401A-96B5-0B289352ABE5} = {3135D8A5-F80D-4183-AE36-79825B6DDF63}
	EndGlobalSection
EndGlobal
