
Microsoft Visual Studio Solution File, Format Version 12.00
# Visual Studio Version 17
VisualStudioVersion = 17.0.31903.59
MinimumVisualStudioVersion = 10.0.40219.1
Project("{2150E333-8FDC-42A3-9474-1A3956D46DE8}") = "Sources", "Sources", "{1797776C-B973-484B-93B7-F2C581A1B878}"
EndProject
Project("{2150E333-8FDC-42A3-9474-1A3956D46DE8}") = "Adapters", "Adapters", "{84A49173-1468-431F-81A2-429A3FCB0AA8}"
EndProject
Project("{FAE04EC0-301F-11D3-BF4B-00C04F79EFBC}") = "Scaffold.HttpClients", "Sources\Adapters\Scaffold.HttpClients\Scaffold.HttpClients.csproj", "{10B18712-DEEF-4778-9E56-57251B30F4E6}"
EndProject
Project("{FAE04EC0-301F-11D3-BF4B-00C04F79EFBC}") = "Scaffold.Repositories", "Sources\Adapters\Scaffold.Repositories\Scaffold.Repositories.csproj", "{360C4FAD-60DB-45D5-915B-737639EE7F4B}"
EndProject
Project("{FAE04EC0-301F-11D3-BF4B-00C04F79EFBC}") = "Scaffold.Application", "Sources\Scaffold.Application\Scaffold.Application.csproj", "{8E3D9840-1473-481D-9095-188C74CE35EE}"
EndProject
Project("{FAE04EC0-301F-11D3-BF4B-00C04F79EFBC}") = "Scaffold.Domain", "Sources\Scaffold.Domain\Scaffold.Domain.csproj", "{1E7F0125-6B5F-4C80-AD49-5B0FABAE97F6}"
EndProject
Project("{FAE04EC0-301F-11D3-BF4B-00C04F79EFBC}") = "Scaffold.WebApi", "Sources\Scaffold.WebApi\Scaffold.WebApi.csproj", "{D600B580-22F2-4D5D-9492-19DD95FB7D25}"
EndProject
Project("{2150E333-8FDC-42A3-9474-1A3956D46DE8}") = "Tests", "Tests", "{339E427A-26FA-421C-BCEA-A1999505D51D}"
EndProject
Project("{2150E333-8FDC-42A3-9474-1A3956D46DE8}") = "IntegrationTests", "IntegrationTests", "{9124AB76-B6AC-4343-BE9A-C5D873C8D6AF}"
EndProject
Project("{FAE04EC0-301F-11D3-BF4B-00C04F79EFBC}") = "Scaffold.WebApi.IntegrationTests", "Tests\IntegrationTests\Scaffold.WebApi.IntegrationTests\Scaffold.WebApi.IntegrationTests.csproj", "{EF57B739-9080-4686-BE9B-FD3FA68BBE34}"
EndProject
Project("{2150E333-8FDC-42A3-9474-1A3956D46DE8}") = "UnitTests", "UnitTests", "{D6380DD8-65B4-4CD7-8FAF-019A82703E30}"
EndProject
Project("{2150E333-8FDC-42A3-9474-1A3956D46DE8}") = "Adapters", "Adapters", "{A7FB6373-D189-493E-B2F6-01EEB4A5A772}"
EndProject
Project("{FAE04EC0-301F-11D3-BF4B-00C04F79EFBC}") = "Scaffold.HttpClients.UnitTests", "Tests\UnitTests\Adapters\Scaffold.HttpClients.UnitTests\Scaffold.HttpClients.UnitTests.csproj", "{5F985779-E8BE-47FD-A55E-24F2FF2999CF}"
EndProject
Project("{FAE04EC0-301F-11D3-BF4B-00C04F79EFBC}") = "Scaffold.Repositories.UnitTests", "Tests\UnitTests\Adapters\Scaffold.Repositories.UnitTests\Scaffold.Repositories.UnitTests.csproj", "{F02EC629-EDC9-4498-8F35-5F64B0B8DDCF}"
EndProject
Project("{FAE04EC0-301F-11D3-BF4B-00C04F79EFBC}") = "Scaffold.Application.UnitTests", "Tests\UnitTests\Scaffold.Application.UnitTests\Scaffold.Application.UnitTests.csproj", "{234295FE-884F-4C6F-AFF3-9A6F8C0B1784}"
EndProject
Project("{FAE04EC0-301F-11D3-BF4B-00C04F79EFBC}") = "Scaffold.Domain.UnitTests", "Tests\UnitTests\Scaffold.Domain.UnitTests\Scaffold.Domain.UnitTests.csproj", "{90295C25-1A2B-4E8C-ABBF-4CEFEC67FEE2}"
EndProject
Project("{FAE04EC0-301F-11D3-BF4B-00C04F79EFBC}") = "Scaffold.WebApi.UnitTests", "Tests\UnitTests\Scaffold.WebApi.UnitTests\Scaffold.WebApi.UnitTests.csproj", "{15D4C4F6-0509-4936-8960-FF0345512DC9}"
EndProject
Global
	GlobalSection(SolutionConfigurationPlatforms) = preSolution
		Debug|Any CPU = Debug|Any CPU
		Release|Any CPU = Release|Any CPU
	EndGlobalSection
	GlobalSection(SolutionProperties) = preSolution
		HideSolutionNode = FALSE
	EndGlobalSection
	GlobalSection(ProjectConfigurationPlatforms) = postSolution
		{10B18712-DEEF-4778-9E56-57251B30F4E6}.Debug|Any CPU.ActiveCfg = Debug|Any CPU
		{10B18712-DEEF-4778-9E56-57251B30F4E6}.Debug|Any CPU.Build.0 = Debug|Any CPU
		{10B18712-DEEF-4778-9E56-57251B30F4E6}.Release|Any CPU.ActiveCfg = Release|Any CPU
		{10B18712-DEEF-4778-9E56-57251B30F4E6}.Release|Any CPU.Build.0 = Release|Any CPU
		{360C4FAD-60DB-45D5-915B-737639EE7F4B}.Debug|Any CPU.ActiveCfg = Debug|Any CPU
		{360C4FAD-60DB-45D5-915B-737639EE7F4B}.Debug|Any CPU.Build.0 = Debug|Any CPU
		{360C4FAD-60DB-45D5-915B-737639EE7F4B}.Release|Any CPU.ActiveCfg = Release|Any CPU
		{360C4FAD-60DB-45D5-915B-737639EE7F4B}.Release|Any CPU.Build.0 = Release|Any CPU
		{8E3D9840-1473-481D-9095-188C74CE35EE}.Debug|Any CPU.ActiveCfg = Debug|Any CPU
		{8E3D9840-1473-481D-9095-188C74CE35EE}.Debug|Any CPU.Build.0 = Debug|Any CPU
		{8E3D9840-1473-481D-9095-188C74CE35EE}.Release|Any CPU.ActiveCfg = Release|Any CPU
		{8E3D9840-1473-481D-9095-188C74CE35EE}.Release|Any CPU.Build.0 = Release|Any CPU
		{1E7F0125-6B5F-4C80-AD49-5B0FABAE97F6}.Debug|Any CPU.ActiveCfg = Debug|Any CPU
		{1E7F0125-6B5F-4C80-AD49-5B0FABAE97F6}.Debug|Any CPU.Build.0 = Debug|Any CPU
		{1E7F0125-6B5F-4C80-AD49-5B0FABAE97F6}.Release|Any CPU.ActiveCfg = Release|Any CPU
		{1E7F0125-6B5F-4C80-AD49-5B0FABAE97F6}.Release|Any CPU.Build.0 = Release|Any CPU
		{D600B580-22F2-4D5D-9492-19DD95FB7D25}.Debug|Any CPU.ActiveCfg = Debug|Any CPU
		{D600B580-22F2-4D5D-9492-19DD95FB7D25}.Debug|Any CPU.Build.0 = Debug|Any CPU
		{D600B580-22F2-4D5D-9492-19DD95FB7D25}.Release|Any CPU.ActiveCfg = Release|Any CPU
		{D600B580-22F2-4D5D-9492-19DD95FB7D25}.Release|Any CPU.Build.0 = Release|Any CPU
		{EF57B739-9080-4686-BE9B-FD3FA68BBE34}.Debug|Any CPU.ActiveCfg = Debug|Any CPU
		{EF57B739-9080-4686-BE9B-FD3FA68BBE34}.Debug|Any CPU.Build.0 = Debug|Any CPU
		{EF57B739-9080-4686-BE9B-FD3FA68BBE34}.Release|Any CPU.ActiveCfg = Release|Any CPU
		{EF57B739-9080-4686-BE9B-FD3FA68BBE34}.Release|Any CPU.Build.0 = Release|Any CPU
		{5F985779-E8BE-47FD-A55E-24F2FF2999CF}.Debug|Any CPU.ActiveCfg = Debug|Any CPU
		{5F985779-E8BE-47FD-A55E-24F2FF2999CF}.Debug|Any CPU.Build.0 = Debug|Any CPU
		{5F985779-E8BE-47FD-A55E-24F2FF2999CF}.Release|Any CPU.ActiveCfg = Release|Any CPU
		{5F985779-E8BE-47FD-A55E-24F2FF2999CF}.Release|Any CPU.Build.0 = Release|Any CPU
		{F02EC629-EDC9-4498-8F35-5F64B0B8DDCF}.Debug|Any CPU.ActiveCfg = Debug|Any CPU
		{F02EC629-EDC9-4498-8F35-5F64B0B8DDCF}.Debug|Any CPU.Build.0 = Debug|Any CPU
		{F02EC629-EDC9-4498-8F35-5F64B0B8DDCF}.Release|Any CPU.ActiveCfg = Release|Any CPU
		{F02EC629-EDC9-4498-8F35-5F64B0B8DDCF}.Release|Any CPU.Build.0 = Release|Any CPU
		{234295FE-884F-4C6F-AFF3-9A6F8C0B1784}.Debug|Any CPU.ActiveCfg = Debug|Any CPU
		{234295FE-884F-4C6F-AFF3-9A6F8C0B1784}.Debug|Any CPU.Build.0 = Debug|Any CPU
		{234295FE-884F-4C6F-AFF3-9A6F8C0B1784}.Release|Any CPU.ActiveCfg = Release|Any CPU
		{234295FE-884F-4C6F-AFF3-9A6F8C0B1784}.Release|Any CPU.Build.0 = Release|Any CPU
		{90295C25-1A2B-4E8C-ABBF-4CEFEC67FEE2}.Debug|Any CPU.ActiveCfg = Debug|Any CPU
		{90295C25-1A2B-4E8C-ABBF-4CEFEC67FEE2}.Debug|Any CPU.Build.0 = Debug|Any CPU
		{90295C25-1A2B-4E8C-ABBF-4CEFEC67FEE2}.Release|Any CPU.ActiveCfg = Release|Any CPU
		{90295C25-1A2B-4E8C-ABBF-4CEFEC67FEE2}.Release|Any CPU.Build.0 = Release|Any CPU
		{15D4C4F6-0509-4936-8960-FF0345512DC9}.Debug|Any CPU.ActiveCfg = Debug|Any CPU
		{15D4C4F6-0509-4936-8960-FF0345512DC9}.Debug|Any CPU.Build.0 = Debug|Any CPU
		{15D4C4F6-0509-4936-8960-FF0345512DC9}.Release|Any CPU.ActiveCfg = Release|Any CPU
		{15D4C4F6-0509-4936-8960-FF0345512DC9}.Release|Any CPU.Build.0 = Release|Any CPU
	EndGlobalSection
	GlobalSection(NestedProjects) = preSolution
		{84A49173-1468-431F-81A2-429A3FCB0AA8} = {1797776C-B973-484B-93B7-F2C581A1B878}
		{10B18712-DEEF-4778-9E56-57251B30F4E6} = {84A49173-1468-431F-81A2-429A3FCB0AA8}
		{360C4FAD-60DB-45D5-915B-737639EE7F4B} = {84A49173-1468-431F-81A2-429A3FCB0AA8}
		{8E3D9840-1473-481D-9095-188C74CE35EE} = {1797776C-B973-484B-93B7-F2C581A1B878}
		{1E7F0125-6B5F-4C80-AD49-5B0FABAE97F6} = {1797776C-B973-484B-93B7-F2C581A1B878}
		{D600B580-22F2-4D5D-9492-19DD95FB7D25} = {1797776C-B973-484B-93B7-F2C581A1B878}
		{9124AB76-B6AC-4343-BE9A-C5D873C8D6AF} = {339E427A-26FA-421C-BCEA-A1999505D51D}
		{EF57B739-9080-4686-BE9B-FD3FA68BBE34} = {9124AB76-B6AC-4343-BE9A-C5D873C8D6AF}
		{D6380DD8-65B4-4CD7-8FAF-019A82703E30} = {339E427A-26FA-421C-BCEA-A1999505D51D}
		{A7FB6373-D189-493E-B2F6-01EEB4A5A772} = {D6380DD8-65B4-4CD7-8FAF-019A82703E30}
		{5F985779-E8BE-47FD-A55E-24F2FF2999CF} = {A7FB6373-D189-493E-B2F6-01EEB4A5A772}
		{F02EC629-EDC9-4498-8F35-5F64B0B8DDCF} = {A7FB6373-D189-493E-B2F6-01EEB4A5A772}
		{234295FE-884F-4C6F-AFF3-9A6F8C0B1784} = {D6380DD8-65B4-4CD7-8FAF-019A82703E30}
		{90295C25-1A2B-4E8C-ABBF-4CEFEC67FEE2} = {D6380DD8-65B4-4CD7-8FAF-019A82703E30}
		{15D4C4F6-0509-4936-8960-FF0345512DC9} = {D6380DD8-65B4-4CD7-8FAF-019A82703E30}
	EndGlobalSection
EndGlobal
